
Microsoft Visual Studio Solution File, Format Version 11.00
# Visual Studio 2010
Project("{FAE04EC0-301F-11D3-BF4B-00C04F79EFBC}") = "PBTroll Server", "PBTroll Server.csproj", "{266745F7-1D87-4E22-AD99-5251D88140A6}"
EndProject
Global
	GlobalSection(SolutionConfigurationPlatforms) = preSolution
		Debug|Any CPU = Debug|Any CPU
		Release|Any CPU = Release|Any CPU
	EndGlobalSection
	GlobalSection(ProjectConfigurationPlatforms) = postSolution
		{266745F7-1D87-4E22-AD99-5251D88140A6}.Debug|Any CPU.ActiveCfg = Debug|Any CPU
		{266745F7-1D87-4E22-AD99-5251D88140A6}.Debug|Any CPU.Build.0 = Debug|Any CPU
		{266745F7-1D87-4E22-AD99-5251D88140A6}.Release|Any CPU.ActiveCfg = Release|Any CPU
		{266745F7-1D87-4E22-AD99-5251D88140A6}.Release|Any CPU.Build.0 = Release|Any CPU
	EndGlobalSection
	GlobalSection(SolutionProperties) = preSolution
		HideSolutionNode = FALSE
	EndGlobalSection
EndGlobal
